
Microsoft Visual Studio Solution File, Format Version 12.00
# Visual Studio Version 17
VisualStudioVersion = 17.0.31919.166
MinimumVisualStudioVersion = 10.0.40219.1
Project("{9A19103F-16F7-4668-BE54-9A1E7A4F7556}") = "MyFinances.Core", "src\MyFinances.Core\MyFinances.Core.csproj", "{5A1D28B3-AA21-46D7-A338-17EFA5347EC1}"
EndProject
Project("{FAE04EC0-301F-11D3-BF4B-00C04F79EFBC}") = "MyFinances.Infra", "MyFinances.Infra\MyFinances.Infra.csproj", "{05719AFF-1F9A-4D5C-9C11-E0DB2789F166}"
EndProject
Global
	GlobalSection(SolutionConfigurationPlatforms) = preSolution
		Debug|Any CPU = Debug|Any CPU
		Release|Any CPU = Release|Any CPU
	EndGlobalSection
	GlobalSection(ProjectConfigurationPlatforms) = postSolution
		{5A1D28B3-AA21-46D7-A338-17EFA5347EC1}.Debug|Any CPU.ActiveCfg = Debug|Any CPU
		{5A1D28B3-AA21-46D7-A338-17EFA5347EC1}.Debug|Any CPU.Build.0 = Debug|Any CPU
		{5A1D28B3-AA21-46D7-A338-17EFA5347EC1}.Release|Any CPU.ActiveCfg = Release|Any CPU
		{5A1D28B3-AA21-46D7-A338-17EFA5347EC1}.Release|Any CPU.Build.0 = Release|Any CPU
		{05719AFF-1F9A-4D5C-9C11-E0DB2789F166}.Debug|Any CPU.ActiveCfg = Debug|Any CPU
		{05719AFF-1F9A-4D5C-9C11-E0DB2789F166}.Debug|Any CPU.Build.0 = Debug|Any CPU
		{05719AFF-1F9A-4D5C-9C11-E0DB2789F166}.Release|Any CPU.ActiveCfg = Release|Any CPU
		{05719AFF-1F9A-4D5C-9C11-E0DB2789F166}.Release|Any CPU.Build.0 = Release|Any CPU
	EndGlobalSection
	GlobalSection(SolutionProperties) = preSolution
		HideSolutionNode = FALSE
	EndGlobalSection
	GlobalSection(ExtensibilityGlobals) = postSolution
		SolutionGuid = {90A1607C-A058-44A6-8C35-E9C863CC68FE}
	EndGlobalSection
EndGlobal
