
Microsoft Visual Studio Solution File, Format Version 12.00
# Visual Studio Version 17
VisualStudioVersion = 17.0.31919.166
MinimumVisualStudioVersion = 10.0.40219.1
Project("{9A19103F-16F7-4668-BE54-9A1E7A4F7556}") = "MyFinances.Core", "src\MyFinances.Core\MyFinances.Core.csproj", "{5A1D28B3-AA21-46D7-A338-17EFA5347EC1}"
EndProject
Project("{9A19103F-16F7-4668-BE54-9A1E7A4F7556}") = "MyFinances.Infra", "src\MyFinances.Infra\MyFinances.Infra.csproj", "{E3D014D7-9E11-49C0-8C53-0B716A779576}"
EndProject
Project("{9A19103F-16F7-4668-BE54-9A1E7A4F7556}") = "MyFinances.API", "src\MyFinances.API\MyFinances.API.csproj", "{934D1F03-E302-4ED4-B6F2-1DF188CF989C}"
EndProject
Project("{9A19103F-16F7-4668-BE54-9A1E7A4F7556}") = "MyFinances.Tests", "src\MyFinances.Tests\MyFinances.Tests.csproj", "{3B40F143-C65F-479C-8F9B-9042DD57652B}"
EndProject
Project("{9A19103F-16F7-4668-BE54-9A1E7A4F7556}") = "MyFinances.Blazor.Client", "src\MyFinances.Blazor\Client\MyFinances.Blazor.Client.csproj", "{B7642AB4-961C-44CD-919B-B8EB4BBD553B}"
EndProject
Project("{9A19103F-16F7-4668-BE54-9A1E7A4F7556}") = "MyFinances.Blazor.Shared", "src\MyFinances.Blazor\Shared\MyFinances.Blazor.Shared.csproj", "{1B68D725-118E-4271-A507-7B1C1CCBE4ED}"
EndProject
Project("{E53339B2-1760-4266-BCC7-CA923CBCF16C}") = "docker-compose", "docker-compose.dcproj", "{080735A4-A3E6-4302-97C2-38D8E4FBF928}"
EndProject
Project("{9A19103F-16F7-4668-BE54-9A1E7A4F7556}") = "MyFinances.Blazor.Server", "src\MyFinances.Blazor\Server\MyFinances.Blazor.Server.csproj", "{F6187CFC-3791-4FED-ABCD-E2530340800F}"
EndProject
Global
	GlobalSection(SolutionConfigurationPlatforms) = preSolution
		Debug|Any CPU = Debug|Any CPU
		Release|Any CPU = Release|Any CPU
	EndGlobalSection
	GlobalSection(ProjectConfigurationPlatforms) = postSolution
		{5A1D28B3-AA21-46D7-A338-17EFA5347EC1}.Debug|Any CPU.ActiveCfg = Debug|Any CPU
		{5A1D28B3-AA21-46D7-A338-17EFA5347EC1}.Debug|Any CPU.Build.0 = Debug|Any CPU
		{5A1D28B3-AA21-46D7-A338-17EFA5347EC1}.Release|Any CPU.ActiveCfg = Release|Any CPU
		{5A1D28B3-AA21-46D7-A338-17EFA5347EC1}.Release|Any CPU.Build.0 = Release|Any CPU
		{E3D014D7-9E11-49C0-8C53-0B716A779576}.Debug|Any CPU.ActiveCfg = Debug|Any CPU
		{E3D014D7-9E11-49C0-8C53-0B716A779576}.Debug|Any CPU.Build.0 = Debug|Any CPU
		{E3D014D7-9E11-49C0-8C53-0B716A779576}.Release|Any CPU.ActiveCfg = Release|Any CPU
		{E3D014D7-9E11-49C0-8C53-0B716A779576}.Release|Any CPU.Build.0 = Release|Any CPU
		{934D1F03-E302-4ED4-B6F2-1DF188CF989C}.Debug|Any CPU.ActiveCfg = Debug|Any CPU
		{934D1F03-E302-4ED4-B6F2-1DF188CF989C}.Debug|Any CPU.Build.0 = Debug|Any CPU
		{934D1F03-E302-4ED4-B6F2-1DF188CF989C}.Release|Any CPU.ActiveCfg = Release|Any CPU
		{934D1F03-E302-4ED4-B6F2-1DF188CF989C}.Release|Any CPU.Build.0 = Release|Any CPU
		{3B40F143-C65F-479C-8F9B-9042DD57652B}.Debug|Any CPU.ActiveCfg = Debug|Any CPU
		{3B40F143-C65F-479C-8F9B-9042DD57652B}.Debug|Any CPU.Build.0 = Debug|Any CPU
		{3B40F143-C65F-479C-8F9B-9042DD57652B}.Release|Any CPU.ActiveCfg = Release|Any CPU
		{3B40F143-C65F-479C-8F9B-9042DD57652B}.Release|Any CPU.Build.0 = Release|Any CPU
		{B7642AB4-961C-44CD-919B-B8EB4BBD553B}.Debug|Any CPU.ActiveCfg = Debug|Any CPU
		{B7642AB4-961C-44CD-919B-B8EB4BBD553B}.Debug|Any CPU.Build.0 = Debug|Any CPU
		{B7642AB4-961C-44CD-919B-B8EB4BBD553B}.Release|Any CPU.ActiveCfg = Release|Any CPU
		{B7642AB4-961C-44CD-919B-B8EB4BBD553B}.Release|Any CPU.Build.0 = Release|Any CPU
		{1B68D725-118E-4271-A507-7B1C1CCBE4ED}.Debug|Any CPU.ActiveCfg = Debug|Any CPU
		{1B68D725-118E-4271-A507-7B1C1CCBE4ED}.Debug|Any CPU.Build.0 = Debug|Any CPU
		{1B68D725-118E-4271-A507-7B1C1CCBE4ED}.Release|Any CPU.ActiveCfg = Release|Any CPU
		{1B68D725-118E-4271-A507-7B1C1CCBE4ED}.Release|Any CPU.Build.0 = Release|Any CPU
		{080735A4-A3E6-4302-97C2-38D8E4FBF928}.Debug|Any CPU.ActiveCfg = Debug|Any CPU
		{080735A4-A3E6-4302-97C2-38D8E4FBF928}.Debug|Any CPU.Build.0 = Debug|Any CPU
		{080735A4-A3E6-4302-97C2-38D8E4FBF928}.Release|Any CPU.ActiveCfg = Release|Any CPU
		{080735A4-A3E6-4302-97C2-38D8E4FBF928}.Release|Any CPU.Build.0 = Release|Any CPU
		{F6187CFC-3791-4FED-ABCD-E2530340800F}.Debug|Any CPU.ActiveCfg = Debug|Any CPU
		{F6187CFC-3791-4FED-ABCD-E2530340800F}.Debug|Any CPU.Build.0 = Debug|Any CPU
		{F6187CFC-3791-4FED-ABCD-E2530340800F}.Release|Any CPU.ActiveCfg = Release|Any CPU
		{F6187CFC-3791-4FED-ABCD-E2530340800F}.Release|Any CPU.Build.0 = Release|Any CPU
	EndGlobalSection
	GlobalSection(SolutionProperties) = preSolution
		HideSolutionNode = FALSE
	EndGlobalSection
	GlobalSection(ExtensibilityGlobals) = postSolution
		SolutionGuid = {90A1607C-A058-44A6-8C35-E9C863CC68FE}
	EndGlobalSection
EndGlobal
